
Microsoft Visual Studio Solution File, Format Version 12.00
# Visual Studio Version 17
VisualStudioVersion = 17.5.33414.496
MinimumVisualStudioVersion = 10.0.40219.1
Project("{FAE04EC0-301F-11D3-BF4B-00C04F79EFBC}") = "AtividadeEscola", "AtividadeEscola\AtividadeEscola.csproj", "{AC6724FC-9529-4465-8225-135373A3D509}"
EndProject
Global
	GlobalSection(SolutionConfigurationPlatforms) = preSolution
		Debug|Any CPU = Debug|Any CPU
		Release|Any CPU = Release|Any CPU
	EndGlobalSection
	GlobalSection(ProjectConfigurationPlatforms) = postSolution
		{AC6724FC-9529-4465-8225-135373A3D509}.Debug|Any CPU.ActiveCfg = Debug|Any CPU
		{AC6724FC-9529-4465-8225-135373A3D509}.Debug|Any CPU.Build.0 = Debug|Any CPU
		{AC6724FC-9529-4465-8225-135373A3D509}.Release|Any CPU.ActiveCfg = Release|Any CPU
		{AC6724FC-9529-4465-8225-135373A3D509}.Release|Any CPU.Build.0 = Release|Any CPU
	EndGlobalSection
	GlobalSection(SolutionProperties) = preSolution
		HideSolutionNode = FALSE
	EndGlobalSection
	GlobalSection(ExtensibilityGlobals) = postSolution
		SolutionGuid = {2F96210C-B6DE-4035-AC19-B94ED5E95AB3}
	EndGlobalSection
EndGlobal
